
Microsoft Visual Studio Solution File, Format Version 12.00
# Visual Studio Version 17
VisualStudioVersion = 17.8.34511.84
MinimumVisualStudioVersion = 10.0.40219.1
Project("{FAE04EC0-301F-11D3-BF4B-00C04F79EFBC}") = "SleepBarber", "SleepBarber\SleepBarber.csproj", "{A30906CC-82A8-4DD0-A323-338DF632A9A5}"
EndProject
Global
	GlobalSection(SolutionConfigurationPlatforms) = preSolution
		Debug|Any CPU = Debug|Any CPU
		Release|Any CPU = Release|Any CPU
	EndGlobalSection
	GlobalSection(ProjectConfigurationPlatforms) = postSolution
		{A30906CC-82A8-4DD0-A323-338DF632A9A5}.Debug|Any CPU.ActiveCfg = Debug|Any CPU
		{A30906CC-82A8-4DD0-A323-338DF632A9A5}.Debug|Any CPU.Build.0 = Debug|Any CPU
		{A30906CC-82A8-4DD0-A323-338DF632A9A5}.Release|Any CPU.ActiveCfg = Release|Any CPU
		{A30906CC-82A8-4DD0-A323-338DF632A9A5}.Release|Any CPU.Build.0 = Release|Any CPU
	EndGlobalSection
	GlobalSection(SolutionProperties) = preSolution
		HideSolutionNode = FALSE
	EndGlobalSection
	GlobalSection(ExtensibilityGlobals) = postSolution
		SolutionGuid = {3DE3718F-88F5-400F-B018-8D61C8487665}
	EndGlobalSection
EndGlobal
